// !$*UTF8*$!
{
	archiveVersion = 1;
	classes = {
	};
	objectVersion = 46;
	objects = {

/* Begin PBXBuildFile section */
		F4E77D5E16B0994200B39C09 /* UIKit.framework in Frameworks */ = {isa = PBXBuildFile; fileRef = F4E77D5D16B0994200B39C09 /* UIKit.framework */; };
		F4E77D6016B0994200B39C09 /* Foundation.framework in Frameworks */ = {isa = PBXBuildFile; fileRef = F4E77D5F16B0994200B39C09 /* Foundation.framework */; };
		F4E77D6216B0994200B39C09 /* CoreGraphics.framework in Frameworks */ = {isa = PBXBuildFile; fileRef = F4E77D6116B0994200B39C09 /* CoreGraphics.framework */; };
		F4E77D6816B0994200B39C09 /* InfoPlist.strings in Resources */ = {isa = PBXBuildFile; fileRef = F4E77D6616B0994200B39C09 /* InfoPlist.strings */; };
		F4E77D6A16B0994200B39C09 /* main.m in Sources */ = {isa = PBXBuildFile; fileRef = F4E77D6916B0994200B39C09 /* main.m */; };
		F4E77D6E16B0994200B39C09 /* AppDelegate.m in Sources */ = {isa = PBXBuildFile; fileRef = F4E77D6D16B0994200B39C09 /* AppDelegate.m */; };
		F4E77D7016B0994200B39C09 /* Default.png in Resources */ = {isa = PBXBuildFile; fileRef = F4E77D6F16B0994200B39C09 /* Default.png */; };
		F4E77D7216B0994200B39C09 /* Default@2x.png in Resources */ = {isa = PBXBuildFile; fileRef = F4E77D7116B0994200B39C09 /* Default@2x.png */; };
		F4E77D7416B0994200B39C09 /* Default-568h@2x.png in Resources */ = {isa = PBXBuildFile; fileRef = F4E77D7316B0994200B39C09 /* Default-568h@2x.png */; };
		F4E77D7716B0994200B39C09 /* MainStoryboard.storyboard in Resources */ = {isa = PBXBuildFile; fileRef = F4E77D7516B0994200B39C09 /* MainStoryboard.storyboard */; };
		F4E77D7A16B0994200B39C09 /* ViewController.m in Sources */ = {isa = PBXBuildFile; fileRef = F4E77D7916B0994200B39C09 /* ViewController.m */; };
/* End PBXBuildFile section */

/* Begin PBXFileReference section */
		F4E77D5916B0994200B39C09 /* proj3.app */ = {isa = PBXFileReference; explicitFileType = wrapper.application; includeInIndex = 0; path = proj3.app; sourceTree = BUILT_PRODUCTS_DIR; };
		F4E77D5D16B0994200B39C09 /* UIKit.framework */ = {isa = PBXFileReference; lastKnownFileType = wrapper.framework; name = UIKit.framework; path = System/Library/Frameworks/UIKit.framework; sourceTree = SDKROOT; };
		F4E77D5F16B0994200B39C09 /* Foundation.framework */ = {isa = PBXFileReference; lastKnownFileType = wrapper.framework; name = Foundation.framework; path = System/Library/Frameworks/Foundation.framework; sourceTree = SDKROOT; };
		F4E77D6116B0994200B39C09 /* CoreGraphics.framework */ = {isa = PBXFileReference; lastKnownFileType = wrapper.framework; name = CoreGraphics.framework; path = System/Library/Frameworks/CoreGraphics.framework; sourceTree = SDKROOT; };
		F4E77D6516B0994200B39C09 /* proj3-Info.plist */ = {isa = PBXFileReference; lastKnownFileType = text.plist.xml; path = "proj3-Info.plist"; sourceTree = "<group>"; };
		F4E77D6716B0994200B39C09 /* en */ = {isa = PBXFileReference; lastKnownFileType = text.plist.strings; name = en; path = en.lproj/InfoPlist.strings; sourceTree = "<group>"; };
		F4E77D6916B0994200B39C09 /* main.m */ = {isa = PBXFileReference; lastKnownFileType = sourcecode.c.objc; path = main.m; sourceTree = "<group>"; };
		F4E77D6B16B0994200B39C09 /* proj3-Prefix.pch */ = {isa = PBXFileReference; lastKnownFileType = sourcecode.c.h; path = "proj3-Prefix.pch"; sourceTree = "<group>"; };
		F4E77D6C16B0994200B39C09 /* AppDelegate.h */ = {isa = PBXFileReference; lastKnownFileType = sourcecode.c.h; path = AppDelegate.h; sourceTree = "<group>"; };
		F4E77D6D16B0994200B39C09 /* AppDelegate.m */ = {isa = PBXFileReference; lastKnownFileType = sourcecode.c.objc; path = AppDelegate.m; sourceTree = "<group>"; };
		F4E77D6F16B0994200B39C09 /* Default.png */ = {isa = PBXFileReference; lastKnownFileType = image.png; path = Default.png; sourceTree = "<group>"; };
		F4E77D7116B0994200B39C09 /* Default@2x.png */ = {isa = PBXFileReference; lastKnownFileType = image.png; path = "Default@2x.png"; sourceTree = "<group>"; };
		F4E77D7316B0994200B39C09 /* Default-568h@2x.png */ = {isa = PBXFileReference; lastKnownFileType = image.png; path = "Default-568h@2x.png"; sourceTree = "<group>"; };
		F4E77D7616B0994200B39C09 /* en */ = {isa = PBXFileReference; lastKnownFileType = file.storyboard; name = en; path = en.lproj/MainStoryboard.storyboard; sourceTree = "<group>"; };
		F4E77D7816B0994200B39C09 /* ViewController.h */ = {isa = PBXFileReference; lastKnownFileType = sourcecode.c.h; path = ViewController.h; sourceTree = "<group>"; };
		F4E77D7916B0994200B39C09 /* ViewController.m */ = {isa = PBXFileReference; lastKnownFileType = sourcecode.c.objc; path = ViewController.m; sourceTree = "<group>"; };
/* End PBXFileReference section */

/* Begin PBXFrameworksBuildPhase section */
		F4E77D5616B0994200B39C09 /* Frameworks */ = {
			isa = PBXFrameworksBuildPhase;
			buildActionMask = 2147483647;
			files = (
				F4E77D5E16B0994200B39C09 /* UIKit.framework in Frameworks */,
				F4E77D6016B0994200B39C09 /* Foundation.framework in Frameworks */,
				F4E77D6216B0994200B39C09 /* CoreGraphics.framework in Frameworks */,
			);
			runOnlyForDeploymentPostprocessing = 0;
		};
/* End PBXFrameworksBuildPhase section */

/* Begin PBXGroup section */
		F4E77D4E16B0994200B39C09 = {
			isa = PBXGroup;
			children = (
				F4E77D6316B0994200B39C09 /* proj3 */,
				F4E77D5C16B0994200B39C09 /* Frameworks */,
				F4E77D5A16B0994200B39C09 /* Products */,
			);
			sourceTree = "<group>";
		};
		F4E77D5A16B0994200B39C09 /* Products */ = {
			isa = PBXGroup;
			children = (
				F4E77D5916B0994200B39C09 /* proj3.app */,
			);
			name = Products;
			sourceTree = "<group>";
		};
		F4E77D5C16B0994200B39C09 /* Frameworks */ = {
			isa = PBXGroup;
			children = (
				F4E77D5D16B0994200B39C09 /* UIKit.framework */,
				F4E77D5F16B0994200B39C09 /* Foundation.framework */,
				F4E77D6116B0994200B39C09 /* CoreGraphics.framework */,
			);
			name = Frameworks;
			sourceTree = "<group>";
		};
		F4E77D6316B0994200B39C09 /* proj3 */ = {
			isa = PBXGroup;
			children = (
				F4E77D6C16B0994200B39C09 /* AppDelegate.h */,
				F4E77D6D16B0994200B39C09 /* AppDelegate.m */,
				F4E77D7516B0994200B39C09 /* MainStoryboard.storyboard */,
				F4E77D7816B0994200B39C09 /* ViewController.h */,
				F4E77D7916B0994200B39C09 /* ViewController.m */,
				F4E77D6416B0994200B39C09 /* Supporting Files */,
			);
			path = proj3;
			sourceTree = "<group>";
		};
		F4E77D6416B0994200B39C09 /* Supporting Files */ = {
			isa = PBXGroup;
			children = (
				F4E77D6516B0994200B39C09 /* proj3-Info.plist */,
				F4E77D6616B0994200B39C09 /* InfoPlist.strings */,
				F4E77D6916B0994200B39C09 /* main.m */,
				F4E77D6B16B0994200B39C09 /* proj3-Prefix.pch */,
				F4E77D6F16B0994200B39C09 /* Default.png */,
				F4E77D7116B0994200B39C09 /* Default@2x.png */,
				F4E77D7316B0994200B39C09 /* Default-568h@2x.png */,
			);
			name = "Supporting Files";
			sourceTree = "<group>";
		};
/* End PBXGroup section */

/* Begin PBXNativeTarget section */
		F4E77D5816B0994200B39C09 /* proj3 */ = {
			isa = PBXNativeTarget;
			buildConfigurationList = F4E77D7D16B0994200B39C09 /* Build configuration list for PBXNativeTarget "proj3" */;
			buildPhases = (
				F4E77D5516B0994200B39C09 /* Sources */,
				F4E77D5616B0994200B39C09 /* Frameworks */,
				F4E77D5716B0994200B39C09 /* Resources */,
			);
			buildRules = (
			);
			dependencies = (
			);
			name = proj3;
			productName = proj3;
			productReference = F4E77D5916B0994200B39C09 /* proj3.app */;
			productType = "com.apple.product-type.application";
		};
/* End PBXNativeTarget section */

/* Begin PBXProject section */
		F4E77D5016B0994200B39C09 /* Project object */ = {
			isa = PBXProject;
			attributes = {
				LastUpgradeCheck = 0450;
				ORGANIZATIONNAME = "Devona Ward";
			};
			buildConfigurationList = F4E77D5316B0994200B39C09 /* Build configuration list for PBXProject "proj3" */;
			compatibilityVersion = "Xcode 3.2";
			developmentRegion = English;
			hasScannedForEncodings = 0;
			knownRegions = (
				en,
			);
			mainGroup = F4E77D4E16B0994200B39C09;
			productRefGroup = F4E77D5A16B0994200B39C09 /* Products */;
			projectDirPath = "";
			projectRoot = "";
			targets = (
				F4E77D5816B0994200B39C09 /* proj3 */,
			);
		};
/* End PBXProject section */

/* Begin PBXResourcesBuildPhase section */
		F4E77D5716B0994200B39C09 /* Resources */ = {
			isa = PBXResourcesBuildPhase;
			buildActionMask = 2147483647;
			files = (
				F4E77D6816B0994200B39C09 /* InfoPlist.strings in Resources */,
				F4E77D7016B0994200B39C09 /* Default.png in Resources */,
				F4E77D7216B0994200B39C09 /* Default@2x.png in Resources */,
				F4E77D7416B0994200B39C09 /* Default-568h@2x.png in Resources */,
				F4E77D7716B0994200B39C09 /* MainStoryboard.storyboard in Resources */,
			);
			runOnlyForDeploymentPostprocessing = 0;
		};
/* End PBXResourcesBuildPhase section */

/* Begin PBXSourcesBuildPhase section */
		F4E77D5516B0994200B39C09 /* Sources */ = {
			isa = PBXSourcesBuildPhase;
			buildActionMask = 2147483647;
			files = (
				F4E77D6A16B0994200B39C09 /* main.m in Sources */,
				F4E77D6E16B0994200B39C09 /* AppDelegate.m in Sources */,
				F4E77D7A16B0994200B39C09 /* ViewController.m in Sources */,
			);
			runOnlyForDeploymentPostprocessing = 0;
		};
/* End PBXSourcesBuildPhase section */

/* Begin PBXVariantGroup section */
		F4E77D6616B0994200B39C09 /* InfoPlist.strings */ = {
			isa = PBXVariantGroup;
			children = (
				F4E77D6716B0994200B39C09 /* en */,
			);
			name = InfoPlist.strings;
			sourceTree = "<group>";
		};
		F4E77D7516B0994200B39C09 /* MainStoryboard.storyboard */ = {
			isa = PBXVariantGroup;
			children = (
				F4E77D7616B0994200B39C09 /* en */,
			);
			name = MainStoryboard.storyboard;
			sourceTree = "<group>";
		};
/* End PBXVariantGroup section */

/* Begin XCBuildConfiguration section */
		F4E77D7B16B0994200B39C09 /* Debug */ = {
			isa = XCBuildConfiguration;
			buildSettings = {
				ALWAYS_SEARCH_USER_PATHS = NO;
				CLANG_CXX_LANGUAGE_STANDARD = "gnu++0x";
				CLANG_CXX_LIBRARY = "libc++";
				CLANG_WARN_EMPTY_BODY = YES;
				CLANG_WARN__DUPLICATE_METHOD_MATCH = YES;
				"CODE_SIGN_IDENTITY[sdk=iphoneos*]" = "iPhone Developer";
				COPY_PHASE_STRIP = NO;
				GCC_C_LANGUAGE_STANDARD = gnu99;
				GCC_DYNAMIC_NO_PIC = NO;
				GCC_OPTIMIZATION_LEVEL = 0;
				GCC_PREPROCESSOR_DEFINITIONS = (
					"DEBUG=1",
					"$(inherited)",
				);
				GCC_SYMBOLS_PRIVATE_EXTERN = NO;
				GCC_WARN_ABOUT_RETURN_TYPE = YES;
				GCC_WARN_UNINITIALIZED_AUTOS = YES;
				GCC_WARN_UNUSED_VARIABLE = YES;
				IPHONEOS_DEPLOYMENT_TARGET = 6.0;
				ONLY_ACTIVE_ARCH = YES;
				SDKROOT = iphoneos;
			};
			name = Debug;
		};
		F4E77D7C16B0994200B39C09 /* Release */ = {
			isa = XCBuildConfiguration;
			buildSettings = {
				ALWAYS_SEARCH_USER_PATHS = NO;
				CLANG_CXX_LANGUAGE_STANDARD = "gnu++0x";
				CLANG_CXX_LIBRARY = "libc++";
				CLANG_WARN_EMPTY_BODY = YES;
				CLANG_WARN__DUPLICATE_METHOD_MATCH = YES;
				"CODE_SIGN_IDENTITY[sdk=iphoneos*]" = "iPhone Developer";
				COPY_PHASE_STRIP = YES;
				GCC_C_LANGUAGE_STANDARD = gnu99;
				GCC_WARN_ABOUT_RETURN_TYPE = YES;
				GCC_WARN_UNINITIALIZED_AUTOS = YES;
				GCC_WARN_UNUSED_VARIABLE = YES;
				IPHONEOS_DEPLOYMENT_TARGET = 6.0;
				OTHER_CFLAGS = "-DNS_BLOCK_ASSERTIONS=1";
				SDKROOT = iphoneos;
				VALIDATE_PRODUCT = YES;
			};
			name = Release;
		};
		F4E77D7E16B0994200B39C09 /* Debug */ = {
			isa = XCBuildConfiguration;
			buildSettings = {
				GCC_PRECOMPILE_PREFIX_HEADER = YES;
				GCC_PREFIX_HEADER = "proj3/proj3-Prefix.pch";
				INFOPLIST_FILE = "proj3/proj3-Info.plist";
				PRODUCT_NAME = "$(TARGET_NAME)";
				WRAPPER_EXTENSION = app;
			};
			name = Debug;
		};
		F4E77D7F16B0994200B39C09 /* Release */ = {
			isa = XCBuildConfiguration;
			buildSettings = {
				GCC_PRECOMPILE_PREFIX_HEADER = YES;
				GCC_PREFIX_HEADER = "proj3/proj3-Prefix.pch";
				INFOPLIST_FILE = "proj3/proj3-Info.plist";
				PRODUCT_NAME = "$(TARGET_NAME)";
				WRAPPER_EXTENSION = app;
			};
			name = Release;
		};
/* End XCBuildConfiguration section */

/* Begin XCConfigurationList section */
		F4E77D5316B0994200B39C09 /* Build configuration list for PBXProject "proj3" */ = {
			isa = XCConfigurationList;
			buildConfigurations = (
				F4E77D7B16B0994200B39C09 /* Debug */,
				F4E77D7C16B0994200B39C09 /* Release */,
			);
			defaultConfigurationIsVisible = 0;
			defaultConfigurationName = Release;
		};
		F4E77D7D16B0994200B39C09 /* Build configuration list for PBXNativeTarget "proj3" */ = {
			isa = XCConfigurationList;
			buildConfigurations = (
				F4E77D7E16B0994200B39C09 /* Debug */,
				F4E77D7F16B0994200B39C09 /* Release */,
			);
			defaultConfigurationIsVisible = 0;
		};
/* End XCConfigurationList section */
	};
	rootObject = F4E77D5016B0994200B39C09 /* Project object */;
}
